
Microsoft Visual Studio Solution File, Format Version 12.00
Project("{FAE04EC0-301F-11D3-BF4B-00C04F79EFBC}") = "Zadani15-Vondracek", "Zadani15-Vondracek\Zadani15-Vondracek.csproj", "{5ECF5B09-3694-484E-B8F3-1F1DF103EDDA}"
EndProject
Global
	GlobalSection(SolutionConfigurationPlatforms) = preSolution
		Debug|Any CPU = Debug|Any CPU
		Release|Any CPU = Release|Any CPU
	EndGlobalSection
	GlobalSection(ProjectConfigurationPlatforms) = postSolution
		{5ECF5B09-3694-484E-B8F3-1F1DF103EDDA}.Debug|Any CPU.ActiveCfg = Debug|Any CPU
		{5ECF5B09-3694-484E-B8F3-1F1DF103EDDA}.Debug|Any CPU.Build.0 = Debug|Any CPU
		{5ECF5B09-3694-484E-B8F3-1F1DF103EDDA}.Release|Any CPU.ActiveCfg = Release|Any CPU
		{5ECF5B09-3694-484E-B8F3-1F1DF103EDDA}.Release|Any CPU.Build.0 = Release|Any CPU
	EndGlobalSection
EndGlobal
